
Microsoft Visual Studio Solution File, Format Version 12.00
# Visual Studio Version 17
VisualStudioVersion = 17.8.34408.163
MinimumVisualStudioVersion = 10.0.40219.1
Project("{9A19103F-16F7-4668-BE54-9A1E7A4F7556}") = "ASPNETAnonymousExample", "aspnet-core-apis\ASPNETAnonymousExample\ASPNETAnonymousExample.csproj", "{5942DCF2-FD25-434E-AB82-6AF9689A67FE}"
EndProject
Project("{2150E333-8FDC-42A3-9474-1A3956D46DE8}") = "aspnet-core-apis", "aspnet-core-apis", "{04273390-80D7-4763-9C34-9E4957A7AE8E}"
EndProject
Project("{9A19103F-16F7-4668-BE54-9A1E7A4F7556}") = "ASPNETAuthenticationExample", "aspnet-core-apis\ASPNETAuthenticationExample\ASPNETAuthenticationExample.csproj", "{51D6077F-A185-49CB-9BED-0F9362943087}"
EndProject
Project("{9A19103F-16F7-4668-BE54-9A1E7A4F7556}") = "ASPNETAuthorizationExample", "aspnet-core-apis\ASPNETAuthorizationExample\ASPNETAuthorizationExample.csproj", "{45E081A5-FC98-4218-9488-9E139D15D2E6}"
EndProject
Project("{9A19103F-16F7-4668-BE54-9A1E7A4F7556}") = "ASPNETCustomScopesAuthorizationExample", "aspnet-core-apis\ASPNETCustomScopesAuthorizationExample\ASPNETCustomScopesAuthorizationExample.csproj", "{A7B7CB31-5373-45DA-AA93-E99FCEB7EB05}"
EndProject
Project("{2150E333-8FDC-42A3-9474-1A3956D46DE8}") = "dotnet-core-apis", "dotnet-core-apis", "{420CDFA0-7425-4465-94E9-18A61534B54F}"
EndProject
Project("{9A19103F-16F7-4668-BE54-9A1E7A4F7556}") = "DOTNETAnonymousExample", "dotnet-core-apis\DOTNETAnonymousExample\DOTNETAnonymousExample.csproj", "{F2646F9A-0A2E-4A83-B9E8-BFF658243AEB}"
EndProject
Global
	GlobalSection(SolutionConfigurationPlatforms) = preSolution
		Debug|Any CPU = Debug|Any CPU
		Release|Any CPU = Release|Any CPU
	EndGlobalSection
	GlobalSection(ProjectConfigurationPlatforms) = postSolution
		{5942DCF2-FD25-434E-AB82-6AF9689A67FE}.Debug|Any CPU.ActiveCfg = Debug|Any CPU
		{5942DCF2-FD25-434E-AB82-6AF9689A67FE}.Debug|Any CPU.Build.0 = Debug|Any CPU
		{5942DCF2-FD25-434E-AB82-6AF9689A67FE}.Release|Any CPU.ActiveCfg = Release|Any CPU
		{5942DCF2-FD25-434E-AB82-6AF9689A67FE}.Release|Any CPU.Build.0 = Release|Any CPU
		{51D6077F-A185-49CB-9BED-0F9362943087}.Debug|Any CPU.ActiveCfg = Debug|Any CPU
		{51D6077F-A185-49CB-9BED-0F9362943087}.Debug|Any CPU.Build.0 = Debug|Any CPU
		{51D6077F-A185-49CB-9BED-0F9362943087}.Release|Any CPU.ActiveCfg = Release|Any CPU
		{51D6077F-A185-49CB-9BED-0F9362943087}.Release|Any CPU.Build.0 = Release|Any CPU
		{45E081A5-FC98-4218-9488-9E139D15D2E6}.Debug|Any CPU.ActiveCfg = Debug|Any CPU
		{45E081A5-FC98-4218-9488-9E139D15D2E6}.Debug|Any CPU.Build.0 = Debug|Any CPU
		{45E081A5-FC98-4218-9488-9E139D15D2E6}.Release|Any CPU.ActiveCfg = Release|Any CPU
		{45E081A5-FC98-4218-9488-9E139D15D2E6}.Release|Any CPU.Build.0 = Release|Any CPU
		{A7B7CB31-5373-45DA-AA93-E99FCEB7EB05}.Debug|Any CPU.ActiveCfg = Debug|Any CPU
		{A7B7CB31-5373-45DA-AA93-E99FCEB7EB05}.Debug|Any CPU.Build.0 = Debug|Any CPU
		{A7B7CB31-5373-45DA-AA93-E99FCEB7EB05}.Release|Any CPU.ActiveCfg = Release|Any CPU
		{A7B7CB31-5373-45DA-AA93-E99FCEB7EB05}.Release|Any CPU.Build.0 = Release|Any CPU
		{F2646F9A-0A2E-4A83-B9E8-BFF658243AEB}.Debug|Any CPU.ActiveCfg = Debug|Any CPU
		{F2646F9A-0A2E-4A83-B9E8-BFF658243AEB}.Debug|Any CPU.Build.0 = Debug|Any CPU
		{F2646F9A-0A2E-4A83-B9E8-BFF658243AEB}.Release|Any CPU.ActiveCfg = Release|Any CPU
		{F2646F9A-0A2E-4A83-B9E8-BFF658243AEB}.Release|Any CPU.Build.0 = Release|Any CPU
	EndGlobalSection
	GlobalSection(SolutionProperties) = preSolution
		HideSolutionNode = FALSE
	EndGlobalSection
	GlobalSection(NestedProjects) = preSolution
		{5942DCF2-FD25-434E-AB82-6AF9689A67FE} = {04273390-80D7-4763-9C34-9E4957A7AE8E}
		{51D6077F-A185-49CB-9BED-0F9362943087} = {04273390-80D7-4763-9C34-9E4957A7AE8E}
		{45E081A5-FC98-4218-9488-9E139D15D2E6} = {04273390-80D7-4763-9C34-9E4957A7AE8E}
		{A7B7CB31-5373-45DA-AA93-E99FCEB7EB05} = {04273390-80D7-4763-9C34-9E4957A7AE8E}
		{F2646F9A-0A2E-4A83-B9E8-BFF658243AEB} = {420CDFA0-7425-4465-94E9-18A61534B54F}
	EndGlobalSection
	GlobalSection(ExtensibilityGlobals) = postSolution
		SolutionGuid = {44CF7A8F-FF8E-4CBE-8C30-31E1F4BEDD25}
	EndGlobalSection
EndGlobal
